
Microsoft Visual Studio Solution File, Format Version 12.00
# Visual Studio 15
VisualStudioVersion = 15.0.28010.2003
MinimumVisualStudioVersion = 10.0.40219.1
Project("{FAE04EC0-301F-11D3-BF4B-00C04F79EFBC}") = "Tools", "Tools\Tools.csproj", "{352E0A0A-B940-44C4-90AD-F6DB27914AD9}"
EndProject
Global
	GlobalSection(SolutionConfigurationPlatforms) = preSolution
		Debug|Any CPU = Debug|Any CPU
		Release|Any CPU = Release|Any CPU
	EndGlobalSection
	GlobalSection(ProjectConfigurationPlatforms) = postSolution
		{352E0A0A-B940-44C4-90AD-F6DB27914AD9}.Debug|Any CPU.ActiveCfg = Debug|Any CPU
		{352E0A0A-B940-44C4-90AD-F6DB27914AD9}.Debug|Any CPU.Build.0 = Debug|Any CPU
		{352E0A0A-B940-44C4-90AD-F6DB27914AD9}.Release|Any CPU.ActiveCfg = Release|Any CPU
		{352E0A0A-B940-44C4-90AD-F6DB27914AD9}.Release|Any CPU.Build.0 = Release|Any CPU
	EndGlobalSection
	GlobalSection(SolutionProperties) = preSolution
		HideSolutionNode = FALSE
	EndGlobalSection
	GlobalSection(ExtensibilityGlobals) = postSolution
		SolutionGuid = {11F85858-9826-49C5-93DA-0CED9E7FA7A4}
	EndGlobalSection
EndGlobal
